
Microsoft Visual Studio Solution File, Format Version 12.00
# Visual Studio 15
VisualStudioVersion = 15.0.27428.2005
MinimumVisualStudioVersion = 10.0.40219.1
Project("{FAE04EC0-301F-11D3-BF4B-00C04F79EFBC}") = "Messenger", "Messenger\Messenger.csproj", "{B183BB7E-0B92-40F3-9E83-A263B963BED7}"
EndProject
Global
	GlobalSection(SolutionConfigurationPlatforms) = preSolution
		Debug|Any CPU = Debug|Any CPU
		Release|Any CPU = Release|Any CPU
	EndGlobalSection
	GlobalSection(ProjectConfigurationPlatforms) = postSolution
		{B183BB7E-0B92-40F3-9E83-A263B963BED7}.Debug|Any CPU.ActiveCfg = Debug|Any CPU
		{B183BB7E-0B92-40F3-9E83-A263B963BED7}.Debug|Any CPU.Build.0 = Debug|Any CPU
		{B183BB7E-0B92-40F3-9E83-A263B963BED7}.Release|Any CPU.ActiveCfg = Release|Any CPU
		{B183BB7E-0B92-40F3-9E83-A263B963BED7}.Release|Any CPU.Build.0 = Release|Any CPU
	EndGlobalSection
	GlobalSection(SolutionProperties) = preSolution
		HideSolutionNode = FALSE
	EndGlobalSection
	GlobalSection(ExtensibilityGlobals) = postSolution
		SolutionGuid = {82ADF4CA-9073-4B85-8865-89ED8B381314}
	EndGlobalSection
EndGlobal
